
Microsoft Visual Studio Solution File, Format Version 12.00
# Visual Studio 15
Project("{FAE04EC0-301F-11D3-BF4B-00C04F79EFBC}") = "Assembly-CSharp", "Assembly-CSharp.csproj", "{D1EC4BD8-E0E2-953C-140F-E2553F737E90}"
EndProject
Project("{FAE04EC0-301F-11D3-BF4B-00C04F79EFBC}") = "Assembly-CSharp-Editor", "Assembly-CSharp-Editor.csproj", "{A2B92234-B371-2B55-86DD-F9C8267B5DCF}"
EndProject
Global
	GlobalSection(SolutionConfigurationPlatforms) = preSolution
		Debug|Any CPU = Debug|Any CPU
		Release|Any CPU = Release|Any CPU
	EndGlobalSection
	GlobalSection(ProjectConfigurationPlatforms) = postSolution
		{D1EC4BD8-E0E2-953C-140F-E2553F737E90}.Debug|Any CPU.ActiveCfg = Debug|Any CPU
		{D1EC4BD8-E0E2-953C-140F-E2553F737E90}.Debug|Any CPU.Build.0 = Debug|Any CPU
		{D1EC4BD8-E0E2-953C-140F-E2553F737E90}.Release|Any CPU.ActiveCfg = Release|Any CPU
		{D1EC4BD8-E0E2-953C-140F-E2553F737E90}.Release|Any CPU.Build.0 = Release|Any CPU
		{A2B92234-B371-2B55-86DD-F9C8267B5DCF}.Debug|Any CPU.ActiveCfg = Debug|Any CPU
		{A2B92234-B371-2B55-86DD-F9C8267B5DCF}.Debug|Any CPU.Build.0 = Debug|Any CPU
		{A2B92234-B371-2B55-86DD-F9C8267B5DCF}.Release|Any CPU.ActiveCfg = Release|Any CPU
		{A2B92234-B371-2B55-86DD-F9C8267B5DCF}.Release|Any CPU.Build.0 = Release|Any CPU
	EndGlobalSection
	GlobalSection(SolutionProperties) = preSolution
		HideSolutionNode = FALSE
	EndGlobalSection
EndGlobal
